// !$*UTF8*$!
{
	archiveVersion = 1;
	classes = {
	};
	objectVersion = 46;
	objects = {

/* Begin PBXBuildFile section */
		9305C76D17B2A0900020A156 /* UIKit.framework in Frameworks */ = {isa = PBXBuildFile; fileRef = 9305C76C17B2A0900020A156 /* UIKit.framework */; };
		9305C76F17B2A0900020A156 /* Foundation.framework in Frameworks */ = {isa = PBXBuildFile; fileRef = 9305C76E17B2A0900020A156 /* Foundation.framework */; };
		9305C77117B2A0900020A156 /* CoreGraphics.framework in Frameworks */ = {isa = PBXBuildFile; fileRef = 9305C77017B2A0900020A156 /* CoreGraphics.framework */; };
		9305C77717B2A0900020A156 /* InfoPlist.strings in Resources */ = {isa = PBXBuildFile; fileRef = 9305C77517B2A0900020A156 /* InfoPlist.strings */; };
		9305C77917B2A0900020A156 /* main.m in Sources */ = {isa = PBXBuildFile; fileRef = 9305C77817B2A0900020A156 /* main.m */; };
		9305C77D17B2A0900020A156 /* GGKAppDelegate.m in Sources */ = {isa = PBXBuildFile; fileRef = 9305C77C17B2A0900020A156 /* GGKAppDelegate.m */; };
		9305C77F17B2A0900020A156 /* Default.png in Resources */ = {isa = PBXBuildFile; fileRef = 9305C77E17B2A0900020A156 /* Default.png */; };
		9305C78117B2A0900020A156 /* Default@2x.png in Resources */ = {isa = PBXBuildFile; fileRef = 9305C78017B2A0900020A156 /* Default@2x.png */; };
		9305C78317B2A0900020A156 /* Default-568h@2x.png in Resources */ = {isa = PBXBuildFile; fileRef = 9305C78217B2A0900020A156 /* Default-568h@2x.png */; };
		9305C78617B2A0900020A156 /* MainStoryboard.storyboard in Resources */ = {isa = PBXBuildFile; fileRef = 9305C78417B2A0900020A156 /* MainStoryboard.storyboard */; };
		930D9FD917C758B4006ED023 /* GGKDayViewController.m in Sources */ = {isa = PBXBuildFile; fileRef = 930D9FD817C758B4006ED023 /* GGKDayViewController.m */; };
		930D9FDC17C77060006ED023 /* GGKDictatorElectedViewController.m in Sources */ = {isa = PBXBuildFile; fileRef = 930D9FDB17C77060006ED023 /* GGKDictatorElectedViewController.m */; };
		930D9FDF17C774AC006ED023 /* GGKYouAreDictatorViewController.m in Sources */ = {isa = PBXBuildFile; fileRef = 930D9FDE17C774AC006ED023 /* GGKYouAreDictatorViewController.m */; };
		9321B43917B72C6800A612CA /* GGKRole.m in Sources */ = {isa = PBXBuildFile; fileRef = 9321B43817B72C6800A612CA /* GGKRole.m */; };
		9321B43C17B7445A00A612CA /* GGKRoleInfoViewController.m in Sources */ = {isa = PBXBuildFile; fileRef = 9321B43B17B7445A00A612CA /* GGKRoleInfoViewController.m */; };
		9396151817B8AEDE005D6BAB /* GGKStartGameViewController.m in Sources */ = {isa = PBXBuildFile; fileRef = 9396151717B8AEDE005D6BAB /* GGKStartGameViewController.m */; };
		9396151B17B8C6BC005D6BAB /* GGKPregameNightViewController.m in Sources */ = {isa = PBXBuildFile; fileRef = 9396151A17B8C6BC005D6BAB /* GGKPregameNightViewController.m */; };
		9396151E17B8C6DA005D6BAB /* GGKYourRoleViewController.m in Sources */ = {isa = PBXBuildFile; fileRef = 9396151D17B8C6D9005D6BAB /* GGKYourRoleViewController.m */; };
		93B1F86017B2AAC5002C2353 /* GGKDescription.rtf in Resources */ = {isa = PBXBuildFile; fileRef = 93B1F85F17B2AAC5002C2353 /* GGKDescription.rtf */; };
		93B1F86317B2BA49002C2353 /* GGKAddPlayersViewController.m in Sources */ = {isa = PBXBuildFile; fileRef = 93B1F86217B2BA49002C2353 /* GGKAddPlayersViewController.m */; };
		93B1F86617B2BC0D002C2353 /* GGKGameModel.m in Sources */ = {isa = PBXBuildFile; fileRef = 93B1F86517B2BC0D002C2353 /* GGKGameModel.m */; };
		93B1F86917B43949002C2353 /* GGKSetRolesViewController.m in Sources */ = {isa = PBXBuildFile; fileRef = 93B1F86817B43949002C2353 /* GGKSetRolesViewController.m */; };
		93F0B49617B8C86600224087 /* GGKPlayer.m in Sources */ = {isa = PBXBuildFile; fileRef = 93F0B49517B8C86600224087 /* GGKPlayer.m */; };
		93F5ECA918A1CC5900248022 /* NSDate+GGKAdditions.m in Sources */ = {isa = PBXBuildFile; fileRef = 93F5ECA818A1CC5900248022 /* NSDate+GGKAdditions.m */; };
		93F5ECAC18A1FA5F00248022 /* GGKExiledViewController.m in Sources */ = {isa = PBXBuildFile; fileRef = 93F5ECAB18A1FA5E00248022 /* GGKExiledViewController.m */; };
		93F5ECAF18A208F000248022 /* GGKNightViewController.m in Sources */ = {isa = PBXBuildFile; fileRef = 93F5ECAE18A208F000248022 /* GGKNightViewController.m */; };
		93F5ECB218A2112800248022 /* GGKViewController.m in Sources */ = {isa = PBXBuildFile; fileRef = 93F5ECB118A2112800248022 /* GGKViewController.m */; };
/* End PBXBuildFile section */

/* Begin PBXFileReference section */
		9305C76917B2A0900020A156 /* Dictator.app */ = {isa = PBXFileReference; explicitFileType = wrapper.application; includeInIndex = 0; path = Dictator.app; sourceTree = BUILT_PRODUCTS_DIR; };
		9305C76C17B2A0900020A156 /* UIKit.framework */ = {isa = PBXFileReference; lastKnownFileType = wrapper.framework; name = UIKit.framework; path = System/Library/Frameworks/UIKit.framework; sourceTree = SDKROOT; };
		9305C76E17B2A0900020A156 /* Foundation.framework */ = {isa = PBXFileReference; lastKnownFileType = wrapper.framework; name = Foundation.framework; path = System/Library/Frameworks/Foundation.framework; sourceTree = SDKROOT; };
		9305C77017B2A0900020A156 /* CoreGraphics.framework */ = {isa = PBXFileReference; lastKnownFileType = wrapper.framework; name = CoreGraphics.framework; path = System/Library/Frameworks/CoreGraphics.framework; sourceTree = SDKROOT; };
		9305C77417B2A0900020A156 /* Dictator-Info.plist */ = {isa = PBXFileReference; lastKnownFileType = text.plist.xml; path = "Dictator-Info.plist"; sourceTree = "<group>"; };
		9305C77617B2A0900020A156 /* en */ = {isa = PBXFileReference; lastKnownFileType = text.plist.strings; name = en; path = en.lproj/InfoPlist.strings; sourceTree = "<group>"; };
		9305C77817B2A0900020A156 /* main.m */ = {isa = PBXFileReference; lastKnownFileType = sourcecode.c.objc; path = main.m; sourceTree = "<group>"; };
		9305C77A17B2A0900020A156 /* Dictator-Prefix.pch */ = {isa = PBXFileReference; lastKnownFileType = sourcecode.c.h; path = "Dictator-Prefix.pch"; sourceTree = "<group>"; };
		9305C77B17B2A0900020A156 /* GGKAppDelegate.h */ = {isa = PBXFileReference; lastKnownFileType = sourcecode.c.h; path = GGKAppDelegate.h; sourceTree = "<group>"; };
		9305C77C17B2A0900020A156 /* GGKAppDelegate.m */ = {isa = PBXFileReference; lastKnownFileType = sourcecode.c.objc; path = GGKAppDelegate.m; sourceTree = "<group>"; };
		9305C77E17B2A0900020A156 /* Default.png */ = {isa = PBXFileReference; lastKnownFileType = image.png; path = Default.png; sourceTree = "<group>"; };
		9305C78017B2A0900020A156 /* Default@2x.png */ = {isa = PBXFileReference; lastKnownFileType = image.png; path = "Default@2x.png"; sourceTree = "<group>"; };
		9305C78217B2A0900020A156 /* Default-568h@2x.png */ = {isa = PBXFileReference; lastKnownFileType = image.png; path = "Default-568h@2x.png"; sourceTree = "<group>"; };
		9305C78517B2A0900020A156 /* en */ = {isa = PBXFileReference; lastKnownFileType = file.storyboard; name = en; path = en.lproj/MainStoryboard.storyboard; sourceTree = "<group>"; };
		930D9FD717C758B4006ED023 /* GGKDayViewController.h */ = {isa = PBXFileReference; fileEncoding = 4; lastKnownFileType = sourcecode.c.h; path = GGKDayViewController.h; sourceTree = "<group>"; };
		930D9FD817C758B4006ED023 /* GGKDayViewController.m */ = {isa = PBXFileReference; fileEncoding = 4; lastKnownFileType = sourcecode.c.objc; path = GGKDayViewController.m; sourceTree = "<group>"; };
		930D9FDA17C7705F006ED023 /* GGKDictatorElectedViewController.h */ = {isa = PBXFileReference; fileEncoding = 4; lastKnownFileType = sourcecode.c.h; path = GGKDictatorElectedViewController.h; sourceTree = "<group>"; };
		930D9FDB17C77060006ED023 /* GGKDictatorElectedViewController.m */ = {isa = PBXFileReference; fileEncoding = 4; lastKnownFileType = sourcecode.c.objc; path = GGKDictatorElectedViewController.m; sourceTree = "<group>"; };
		930D9FDD17C774AC006ED023 /* GGKYouAreDictatorViewController.h */ = {isa = PBXFileReference; fileEncoding = 4; lastKnownFileType = sourcecode.c.h; path = GGKYouAreDictatorViewController.h; sourceTree = "<group>"; };
		930D9FDE17C774AC006ED023 /* GGKYouAreDictatorViewController.m */ = {isa = PBXFileReference; fileEncoding = 4; lastKnownFileType = sourcecode.c.objc; path = GGKYouAreDictatorViewController.m; sourceTree = "<group>"; };
		9321B43717B72C6800A612CA /* GGKRole.h */ = {isa = PBXFileReference; fileEncoding = 4; lastKnownFileType = sourcecode.c.h; path = GGKRole.h; sourceTree = "<group>"; };
		9321B43817B72C6800A612CA /* GGKRole.m */ = {isa = PBXFileReference; fileEncoding = 4; lastKnownFileType = sourcecode.c.objc; path = GGKRole.m; sourceTree = "<group>"; };
		9321B43A17B7445A00A612CA /* GGKRoleInfoViewController.h */ = {isa = PBXFileReference; fileEncoding = 4; lastKnownFileType = sourcecode.c.h; path = GGKRoleInfoViewController.h; sourceTree = "<group>"; };
		9321B43B17B7445A00A612CA /* GGKRoleInfoViewController.m */ = {isa = PBXFileReference; fileEncoding = 4; lastKnownFileType = sourcecode.c.objc; path = GGKRoleInfoViewController.m; sourceTree = "<group>"; };
		9396151617B8AEDE005D6BAB /* GGKStartGameViewController.h */ = {isa = PBXFileReference; fileEncoding = 4; lastKnownFileType = sourcecode.c.h; path = GGKStartGameViewController.h; sourceTree = "<group>"; };
		9396151717B8AEDE005D6BAB /* GGKStartGameViewController.m */ = {isa = PBXFileReference; fileEncoding = 4; lastKnownFileType = sourcecode.c.objc; path = GGKStartGameViewController.m; sourceTree = "<group>"; };
		9396151917B8C6BC005D6BAB /* GGKPregameNightViewController.h */ = {isa = PBXFileReference; fileEncoding = 4; lastKnownFileType = sourcecode.c.h; path = GGKPregameNightViewController.h; sourceTree = "<group>"; };
		9396151A17B8C6BC005D6BAB /* GGKPregameNightViewController.m */ = {isa = PBXFileReference; fileEncoding = 4; lastKnownFileType = sourcecode.c.objc; path = GGKPregameNightViewController.m; sourceTree = "<group>"; };
		9396151C17B8C6D9005D6BAB /* GGKYourRoleViewController.h */ = {isa = PBXFileReference; fileEncoding = 4; lastKnownFileType = sourcecode.c.h; path = GGKYourRoleViewController.h; sourceTree = "<group>"; };
		9396151D17B8C6D9005D6BAB /* GGKYourRoleViewController.m */ = {isa = PBXFileReference; fileEncoding = 4; lastKnownFileType = sourcecode.c.objc; path = GGKYourRoleViewController.m; sourceTree = "<group>"; };
		93B1F85F17B2AAC5002C2353 /* GGKDescription.rtf */ = {isa = PBXFileReference; fileEncoding = 4; lastKnownFileType = text.rtf; path = GGKDescription.rtf; sourceTree = "<group>"; };
		93B1F86117B2BA49002C2353 /* GGKAddPlayersViewController.h */ = {isa = PBXFileReference; fileEncoding = 4; lastKnownFileType = sourcecode.c.h; path = GGKAddPlayersViewController.h; sourceTree = "<group>"; };
		93B1F86217B2BA49002C2353 /* GGKAddPlayersViewController.m */ = {isa = PBXFileReference; fileEncoding = 4; lastKnownFileType = sourcecode.c.objc; path = GGKAddPlayersViewController.m; sourceTree = "<group>"; };
		93B1F86417B2BC0D002C2353 /* GGKGameModel.h */ = {isa = PBXFileReference; fileEncoding = 4; lastKnownFileType = sourcecode.c.h; path = GGKGameModel.h; sourceTree = "<group>"; };
		93B1F86517B2BC0D002C2353 /* GGKGameModel.m */ = {isa = PBXFileReference; fileEncoding = 4; lastKnownFileType = sourcecode.c.objc; path = GGKGameModel.m; sourceTree = "<group>"; };
		93B1F86717B43949002C2353 /* GGKSetRolesViewController.h */ = {isa = PBXFileReference; fileEncoding = 4; lastKnownFileType = sourcecode.c.h; path = GGKSetRolesViewController.h; sourceTree = "<group>"; };
		93B1F86817B43949002C2353 /* GGKSetRolesViewController.m */ = {isa = PBXFileReference; fileEncoding = 4; lastKnownFileType = sourcecode.c.objc; path = GGKSetRolesViewController.m; sourceTree = "<group>"; };
		93F0B49417B8C86600224087 /* GGKPlayer.h */ = {isa = PBXFileReference; fileEncoding = 4; lastKnownFileType = sourcecode.c.h; path = GGKPlayer.h; sourceTree = "<group>"; };
		93F0B49517B8C86600224087 /* GGKPlayer.m */ = {isa = PBXFileReference; fileEncoding = 4; lastKnownFileType = sourcecode.c.objc; path = GGKPlayer.m; sourceTree = "<group>"; };
		93F5ECA718A1CC5900248022 /* NSDate+GGKAdditions.h */ = {isa = PBXFileReference; fileEncoding = 4; lastKnownFileType = sourcecode.c.h; path = "NSDate+GGKAdditions.h"; sourceTree = "<group>"; };
		93F5ECA818A1CC5900248022 /* NSDate+GGKAdditions.m */ = {isa = PBXFileReference; fileEncoding = 4; lastKnownFileType = sourcecode.c.objc; path = "NSDate+GGKAdditions.m"; sourceTree = "<group>"; };
		93F5ECAA18A1FA5E00248022 /* GGKExiledViewController.h */ = {isa = PBXFileReference; fileEncoding = 4; lastKnownFileType = sourcecode.c.h; path = GGKExiledViewController.h; sourceTree = "<group>"; };
		93F5ECAB18A1FA5E00248022 /* GGKExiledViewController.m */ = {isa = PBXFileReference; fileEncoding = 4; lastKnownFileType = sourcecode.c.objc; path = GGKExiledViewController.m; sourceTree = "<group>"; };
		93F5ECAD18A208F000248022 /* GGKNightViewController.h */ = {isa = PBXFileReference; fileEncoding = 4; lastKnownFileType = sourcecode.c.h; path = GGKNightViewController.h; sourceTree = "<group>"; };
		93F5ECAE18A208F000248022 /* GGKNightViewController.m */ = {isa = PBXFileReference; fileEncoding = 4; lastKnownFileType = sourcecode.c.objc; path = GGKNightViewController.m; sourceTree = "<group>"; };
		93F5ECB018A2112800248022 /* GGKViewController.h */ = {isa = PBXFileReference; fileEncoding = 4; lastKnownFileType = sourcecode.c.h; path = GGKViewController.h; sourceTree = "<group>"; };
		93F5ECB118A2112800248022 /* GGKViewController.m */ = {isa = PBXFileReference; fileEncoding = 4; lastKnownFileType = sourcecode.c.objc; path = GGKViewController.m; sourceTree = "<group>"; };
/* End PBXFileReference section */

/* Begin PBXFrameworksBuildPhase section */
		9305C76617B2A0900020A156 /* Frameworks */ = {
			isa = PBXFrameworksBuildPhase;
			buildActionMask = 2147483647;
			files = (
				9305C76D17B2A0900020A156 /* UIKit.framework in Frameworks */,
				9305C76F17B2A0900020A156 /* Foundation.framework in Frameworks */,
				9305C77117B2A0900020A156 /* CoreGraphics.framework in Frameworks */,
			);
			runOnlyForDeploymentPostprocessing = 0;
		};
/* End PBXFrameworksBuildPhase section */

/* Begin PBXGroup section */
		9305C76017B2A0900020A156 = {
			isa = PBXGroup;
			children = (
				9305C77217B2A0900020A156 /* Dictator */,
				9305C76B17B2A0900020A156 /* Frameworks */,
				9305C76A17B2A0900020A156 /* Products */,
			);
			sourceTree = "<group>";
		};
		9305C76A17B2A0900020A156 /* Products */ = {
			isa = PBXGroup;
			children = (
				9305C76917B2A0900020A156 /* Dictator.app */,
			);
			name = Products;
			sourceTree = "<group>";
		};
		9305C76B17B2A0900020A156 /* Frameworks */ = {
			isa = PBXGroup;
			children = (
				9305C76C17B2A0900020A156 /* UIKit.framework */,
				9305C76E17B2A0900020A156 /* Foundation.framework */,
				9305C77017B2A0900020A156 /* CoreGraphics.framework */,
			);
			name = Frameworks;
			sourceTree = "<group>";
		};
		9305C77217B2A0900020A156 /* Dictator */ = {
			isa = PBXGroup;
			children = (
				93B1F86117B2BA49002C2353 /* GGKAddPlayersViewController.h */,
				93B1F86217B2BA49002C2353 /* GGKAddPlayersViewController.m */,
				9305C77B17B2A0900020A156 /* GGKAppDelegate.h */,
				9305C77C17B2A0900020A156 /* GGKAppDelegate.m */,
				930D9FD717C758B4006ED023 /* GGKDayViewController.h */,
				930D9FD817C758B4006ED023 /* GGKDayViewController.m */,
				930D9FDA17C7705F006ED023 /* GGKDictatorElectedViewController.h */,
				930D9FDB17C77060006ED023 /* GGKDictatorElectedViewController.m */,
				93F5ECAA18A1FA5E00248022 /* GGKExiledViewController.h */,
				93F5ECAB18A1FA5E00248022 /* GGKExiledViewController.m */,
				93B1F86417B2BC0D002C2353 /* GGKGameModel.h */,
				93B1F86517B2BC0D002C2353 /* GGKGameModel.m */,
				93F5ECAD18A208F000248022 /* GGKNightViewController.h */,
				93F5ECAE18A208F000248022 /* GGKNightViewController.m */,
				93F0B49417B8C86600224087 /* GGKPlayer.h */,
				93F0B49517B8C86600224087 /* GGKPlayer.m */,
				9396151917B8C6BC005D6BAB /* GGKPregameNightViewController.h */,
				9396151A17B8C6BC005D6BAB /* GGKPregameNightViewController.m */,
				9321B43717B72C6800A612CA /* GGKRole.h */,
				9321B43817B72C6800A612CA /* GGKRole.m */,
				9321B43A17B7445A00A612CA /* GGKRoleInfoViewController.h */,
				9321B43B17B7445A00A612CA /* GGKRoleInfoViewController.m */,
				93B1F86717B43949002C2353 /* GGKSetRolesViewController.h */,
				93B1F86817B43949002C2353 /* GGKSetRolesViewController.m */,
				9396151617B8AEDE005D6BAB /* GGKStartGameViewController.h */,
				9396151717B8AEDE005D6BAB /* GGKStartGameViewController.m */,
				93F5ECB018A2112800248022 /* GGKViewController.h */,
				93F5ECB118A2112800248022 /* GGKViewController.m */,
				930D9FDD17C774AC006ED023 /* GGKYouAreDictatorViewController.h */,
				930D9FDE17C774AC006ED023 /* GGKYouAreDictatorViewController.m */,
				9396151C17B8C6D9005D6BAB /* GGKYourRoleViewController.h */,
				9396151D17B8C6D9005D6BAB /* GGKYourRoleViewController.m */,
				9305C78417B2A0900020A156 /* MainStoryboard.storyboard */,
				93F5ECA718A1CC5900248022 /* NSDate+GGKAdditions.h */,
				93F5ECA818A1CC5900248022 /* NSDate+GGKAdditions.m */,
				9305C77317B2A0900020A156 /* Supporting Files */,
			);
			path = Dictator;
			sourceTree = "<group>";
		};
		9305C77317B2A0900020A156 /* Supporting Files */ = {
			isa = PBXGroup;
			children = (
				9305C77E17B2A0900020A156 /* Default.png */,
				9305C78017B2A0900020A156 /* Default@2x.png */,
				9305C78217B2A0900020A156 /* Default-568h@2x.png */,
				9305C77417B2A0900020A156 /* Dictator-Info.plist */,
				93B1F85F17B2AAC5002C2353 /* GGKDescription.rtf */,
				9305C77A17B2A0900020A156 /* Dictator-Prefix.pch */,
				9305C77517B2A0900020A156 /* InfoPlist.strings */,
				9305C77817B2A0900020A156 /* main.m */,
			);
			name = "Supporting Files";
			sourceTree = "<group>";
		};
/* End PBXGroup section */

/* Begin PBXNativeTarget section */
		9305C76817B2A0900020A156 /* Dictator */ = {
			isa = PBXNativeTarget;
			buildConfigurationList = 9305C78C17B2A0900020A156 /* Build configuration list for PBXNativeTarget "Dictator" */;
			buildPhases = (
				9305C76517B2A0900020A156 /* Sources */,
				9305C76617B2A0900020A156 /* Frameworks */,
				9305C76717B2A0900020A156 /* Resources */,
			);
			buildRules = (
			);
			dependencies = (
			);
			name = Dictator;
			productName = Dictator;
			productReference = 9305C76917B2A0900020A156 /* Dictator.app */;
			productType = "com.apple.product-type.application";
		};
/* End PBXNativeTarget section */

/* Begin PBXProject section */
		9305C76117B2A0900020A156 /* Project object */ = {
			isa = PBXProject;
			attributes = {
				CLASSPREFIX = GGK;
				LastUpgradeCheck = 0460;
				ORGANIZATIONNAME = "Geoff Hom";
			};
			buildConfigurationList = 9305C76417B2A0900020A156 /* Build configuration list for PBXProject "Dictator" */;
			compatibilityVersion = "Xcode 3.2";
			developmentRegion = English;
			hasScannedForEncodings = 0;
			knownRegions = (
				en,
			);
			mainGroup = 9305C76017B2A0900020A156;
			productRefGroup = 9305C76A17B2A0900020A156 /* Products */;
			projectDirPath = "";
			projectRoot = "";
			targets = (
				9305C76817B2A0900020A156 /* Dictator */,
			);
		};
/* End PBXProject section */

/* Begin PBXResourcesBuildPhase section */
		9305C76717B2A0900020A156 /* Resources */ = {
			isa = PBXResourcesBuildPhase;
			buildActionMask = 2147483647;
			files = (
				9305C77717B2A0900020A156 /* InfoPlist.strings in Resources */,
				9305C77F17B2A0900020A156 /* Default.png in Resources */,
				9305C78117B2A0900020A156 /* Default@2x.png in Resources */,
				9305C78317B2A0900020A156 /* Default-568h@2x.png in Resources */,
				9305C78617B2A0900020A156 /* MainStoryboard.storyboard in Resources */,
				93B1F86017B2AAC5002C2353 /* GGKDescription.rtf in Resources */,
			);
			runOnlyForDeploymentPostprocessing = 0;
		};
/* End PBXResourcesBuildPhase section */

/* Begin PBXSourcesBuildPhase section */
		9305C76517B2A0900020A156 /* Sources */ = {
			isa = PBXSourcesBuildPhase;
			buildActionMask = 2147483647;
			files = (
				9305C77917B2A0900020A156 /* main.m in Sources */,
				93F5ECAF18A208F000248022 /* GGKNightViewController.m in Sources */,
				9305C77D17B2A0900020A156 /* GGKAppDelegate.m in Sources */,
				93B1F86317B2BA49002C2353 /* GGKAddPlayersViewController.m in Sources */,
				93B1F86617B2BC0D002C2353 /* GGKGameModel.m in Sources */,
				93B1F86917B43949002C2353 /* GGKSetRolesViewController.m in Sources */,
				9321B43917B72C6800A612CA /* GGKRole.m in Sources */,
				9321B43C17B7445A00A612CA /* GGKRoleInfoViewController.m in Sources */,
				93F5ECB218A2112800248022 /* GGKViewController.m in Sources */,
				93F5ECAC18A1FA5F00248022 /* GGKExiledViewController.m in Sources */,
				93F5ECA918A1CC5900248022 /* NSDate+GGKAdditions.m in Sources */,
				9396151817B8AEDE005D6BAB /* GGKStartGameViewController.m in Sources */,
				9396151B17B8C6BC005D6BAB /* GGKPregameNightViewController.m in Sources */,
				9396151E17B8C6DA005D6BAB /* GGKYourRoleViewController.m in Sources */,
				93F0B49617B8C86600224087 /* GGKPlayer.m in Sources */,
				930D9FD917C758B4006ED023 /* GGKDayViewController.m in Sources */,
				930D9FDC17C77060006ED023 /* GGKDictatorElectedViewController.m in Sources */,
				930D9FDF17C774AC006ED023 /* GGKYouAreDictatorViewController.m in Sources */,
			);
			runOnlyForDeploymentPostprocessing = 0;
		};
/* End PBXSourcesBuildPhase section */

/* Begin PBXVariantGroup section */
		9305C77517B2A0900020A156 /* InfoPlist.strings */ = {
			isa = PBXVariantGroup;
			children = (
				9305C77617B2A0900020A156 /* en */,
			);
			name = InfoPlist.strings;
			sourceTree = "<group>";
		};
		9305C78417B2A0900020A156 /* MainStoryboard.storyboard */ = {
			isa = PBXVariantGroup;
			children = (
				9305C78517B2A0900020A156 /* en */,
			);
			name = MainStoryboard.storyboard;
			sourceTree = "<group>";
		};
/* End PBXVariantGroup section */

/* Begin XCBuildConfiguration section */
		9305C78A17B2A0900020A156 /* Debug */ = {
			isa = XCBuildConfiguration;
			buildSettings = {
				ALWAYS_SEARCH_USER_PATHS = NO;
				CLANG_CXX_LANGUAGE_STANDARD = "gnu++0x";
				CLANG_CXX_LIBRARY = "libc++";
				CLANG_ENABLE_OBJC_ARC = YES;
				CLANG_WARN_CONSTANT_CONVERSION = YES;
				CLANG_WARN_EMPTY_BODY = YES;
				CLANG_WARN_ENUM_CONVERSION = YES;
				CLANG_WARN_INT_CONVERSION = YES;
				CLANG_WARN__DUPLICATE_METHOD_MATCH = YES;
				"CODE_SIGN_IDENTITY[sdk=iphoneos*]" = "iPhone Developer";
				COPY_PHASE_STRIP = NO;
				GCC_C_LANGUAGE_STANDARD = gnu99;
				GCC_DYNAMIC_NO_PIC = NO;
				GCC_OPTIMIZATION_LEVEL = 0;
				GCC_PREPROCESSOR_DEFINITIONS = (
					"DEBUG=1",
					"$(inherited)",
				);
				GCC_SYMBOLS_PRIVATE_EXTERN = NO;
				GCC_WARN_ABOUT_RETURN_TYPE = YES;
				GCC_WARN_UNINITIALIZED_AUTOS = YES;
				GCC_WARN_UNUSED_VARIABLE = YES;
				IPHONEOS_DEPLOYMENT_TARGET = 6.1;
				ONLY_ACTIVE_ARCH = YES;
				SDKROOT = iphoneos;
			};
			name = Debug;
		};
		9305C78B17B2A0900020A156 /* Release */ = {
			isa = XCBuildConfiguration;
			buildSettings = {
				ALWAYS_SEARCH_USER_PATHS = NO;
				CLANG_CXX_LANGUAGE_STANDARD = "gnu++0x";
				CLANG_CXX_LIBRARY = "libc++";
				CLANG_ENABLE_OBJC_ARC = YES;
				CLANG_WARN_CONSTANT_CONVERSION = YES;
				CLANG_WARN_EMPTY_BODY = YES;
				CLANG_WARN_ENUM_CONVERSION = YES;
				CLANG_WARN_INT_CONVERSION = YES;
				CLANG_WARN__DUPLICATE_METHOD_MATCH = YES;
				"CODE_SIGN_IDENTITY[sdk=iphoneos*]" = "iPhone Developer";
				COPY_PHASE_STRIP = YES;
				GCC_C_LANGUAGE_STANDARD = gnu99;
				GCC_WARN_ABOUT_RETURN_TYPE = YES;
				GCC_WARN_UNINITIALIZED_AUTOS = YES;
				GCC_WARN_UNUSED_VARIABLE = YES;
				IPHONEOS_DEPLOYMENT_TARGET = 6.1;
				OTHER_CFLAGS = "-DNS_BLOCK_ASSERTIONS=1";
				SDKROOT = iphoneos;
				VALIDATE_PRODUCT = YES;
			};
			name = Release;
		};
		9305C78D17B2A0900020A156 /* Debug */ = {
			isa = XCBuildConfiguration;
			buildSettings = {
				GCC_PRECOMPILE_PREFIX_HEADER = YES;
				GCC_PREFIX_HEADER = "Dictator/Dictator-Prefix.pch";
				INFOPLIST_FILE = "Dictator/Dictator-Info.plist";
				PRODUCT_NAME = "$(TARGET_NAME)";
				WRAPPER_EXTENSION = app;
			};
			name = Debug;
		};
		9305C78E17B2A0900020A156 /* Release */ = {
			isa = XCBuildConfiguration;
			buildSettings = {
				GCC_PRECOMPILE_PREFIX_HEADER = YES;
				GCC_PREFIX_HEADER = "Dictator/Dictator-Prefix.pch";
				INFOPLIST_FILE = "Dictator/Dictator-Info.plist";
				PRODUCT_NAME = "$(TARGET_NAME)";
				WRAPPER_EXTENSION = app;
			};
			name = Release;
		};
		93B1F85D17B2A620002C2353 /* user-testing */ = {
			isa = XCBuildConfiguration;
			buildSettings = {
				ALWAYS_SEARCH_USER_PATHS = NO;
				CLANG_CXX_LANGUAGE_STANDARD = "gnu++0x";
				CLANG_CXX_LIBRARY = "libc++";
				CLANG_ENABLE_OBJC_ARC = YES;
				CLANG_WARN_CONSTANT_CONVERSION = YES;
				CLANG_WARN_EMPTY_BODY = YES;
				CLANG_WARN_ENUM_CONVERSION = YES;
				CLANG_WARN_INT_CONVERSION = YES;
				CLANG_WARN__DUPLICATE_METHOD_MATCH = YES;
				"CODE_SIGN_IDENTITY[sdk=iphoneos*]" = "iPhone Developer";
				COPY_PHASE_STRIP = YES;
				GCC_C_LANGUAGE_STANDARD = gnu99;
				GCC_WARN_ABOUT_RETURN_TYPE = YES;
				GCC_WARN_UNINITIALIZED_AUTOS = YES;
				GCC_WARN_UNUSED_VARIABLE = YES;
				IPHONEOS_DEPLOYMENT_TARGET = 6.1;
				OTHER_CFLAGS = "-DNS_BLOCK_ASSERTIONS=1";
				"PROVISIONING_PROFILE[sdk=iphoneos*]" = "";
				SDKROOT = iphoneos;
				VALIDATE_PRODUCT = YES;
			};
			name = "user-testing";
		};
		93B1F85E17B2A620002C2353 /* user-testing */ = {
			isa = XCBuildConfiguration;
			buildSettings = {
				GCC_PRECOMPILE_PREFIX_HEADER = YES;
				GCC_PREFIX_HEADER = "Dictator/Dictator-Prefix.pch";
				INFOPLIST_FILE = "Dictator/Dictator-Info.plist";
				PRODUCT_NAME = "$(TARGET_NAME)";
				WRAPPER_EXTENSION = app;
			};
			name = "user-testing";
		};
/* End XCBuildConfiguration section */

/* Begin XCConfigurationList section */
		9305C76417B2A0900020A156 /* Build configuration list for PBXProject "Dictator" */ = {
			isa = XCConfigurationList;
			buildConfigurations = (
				9305C78A17B2A0900020A156 /* Debug */,
				9305C78B17B2A0900020A156 /* Release */,
				93B1F85D17B2A620002C2353 /* user-testing */,
			);
			defaultConfigurationIsVisible = 0;
			defaultConfigurationName = Release;
		};
		9305C78C17B2A0900020A156 /* Build configuration list for PBXNativeTarget "Dictator" */ = {
			isa = XCConfigurationList;
			buildConfigurations = (
				9305C78D17B2A0900020A156 /* Debug */,
				9305C78E17B2A0900020A156 /* Release */,
				93B1F85E17B2A620002C2353 /* user-testing */,
			);
			defaultConfigurationIsVisible = 0;
			defaultConfigurationName = Release;
		};
/* End XCConfigurationList section */
	};
	rootObject = 9305C76117B2A0900020A156 /* Project object */;
}
